
Microsoft Visual Studio Solution File, Format Version 12.00
# Visual Studio Version 16
VisualStudioVersion = 16.0.33214.272
MinimumVisualStudioVersion = 10.0.40219.1
Project("{FAE04EC0-301F-11D3-BF4B-00C04F79EFBC}") = "LocationVoiture", "LocationVoiture\LocationVoiture.csproj", "{A69F4D5E-7C00-48D5-9B97-DBB9051FCB7C}"
EndProject
Global
	GlobalSection(SolutionConfigurationPlatforms) = preSolution
		Debug|Any CPU = Debug|Any CPU
		Release|Any CPU = Release|Any CPU
	EndGlobalSection
	GlobalSection(ProjectConfigurationPlatforms) = postSolution
		{A69F4D5E-7C00-48D5-9B97-DBB9051FCB7C}.Debug|Any CPU.ActiveCfg = Debug|Any CPU
		{A69F4D5E-7C00-48D5-9B97-DBB9051FCB7C}.Debug|Any CPU.Build.0 = Debug|Any CPU
		{A69F4D5E-7C00-48D5-9B97-DBB9051FCB7C}.Release|Any CPU.ActiveCfg = Release|Any CPU
		{A69F4D5E-7C00-48D5-9B97-DBB9051FCB7C}.Release|Any CPU.Build.0 = Release|Any CPU
	EndGlobalSection
	GlobalSection(SolutionProperties) = preSolution
		HideSolutionNode = FALSE
	EndGlobalSection
	GlobalSection(ExtensibilityGlobals) = postSolution
		SolutionGuid = {F2304103-0F9D-4D3C-AAD8-653FD12E1B27}
	EndGlobalSection
EndGlobal
